
Microsoft Visual Studio Solution File, Format Version 12.00
# Visual Studio Version 16
VisualStudioVersion = 16.0.29409.12
MinimumVisualStudioVersion = 10.0.40219.1
Project("{FAE04EC0-301F-11D3-BF4B-00C04F79EFBC}") = "Enumerados_09", "Enumerados_09\Enumerados_09.csproj", "{329D55A8-887D-41F4-96FA-616DACAE5359}"
EndProject
Global
	GlobalSection(SolutionConfigurationPlatforms) = preSolution
		Debug|Any CPU = Debug|Any CPU
		Release|Any CPU = Release|Any CPU
	EndGlobalSection
	GlobalSection(ProjectConfigurationPlatforms) = postSolution
		{329D55A8-887D-41F4-96FA-616DACAE5359}.Debug|Any CPU.ActiveCfg = Debug|Any CPU
		{329D55A8-887D-41F4-96FA-616DACAE5359}.Debug|Any CPU.Build.0 = Debug|Any CPU
		{329D55A8-887D-41F4-96FA-616DACAE5359}.Release|Any CPU.ActiveCfg = Release|Any CPU
		{329D55A8-887D-41F4-96FA-616DACAE5359}.Release|Any CPU.Build.0 = Release|Any CPU
	EndGlobalSection
	GlobalSection(SolutionProperties) = preSolution
		HideSolutionNode = FALSE
	EndGlobalSection
	GlobalSection(ExtensibilityGlobals) = postSolution
		SolutionGuid = {8BF36379-D59B-47C7-8F89-82C7C2625AFA}
	EndGlobalSection
EndGlobal
